// !$*UTF8*$!
{
	archiveVersion = 1;
	classes = {
	};
	objectVersion = 50;
	objects = {

/* Begin PBXBuildFile section */
		211C217A259A06AA00F9CBE4 /* AalaiyamDevan.mp3 in Resources */ = {isa = PBXBuildFile; fileRef = 211C2177259A06A900F9CBE4 /* AalaiyamDevan.mp3 */; };
		211C217B259A06AA00F9CBE4 /* AandavaPrasannam.mp3 in Resources */ = {isa = PBXBuildFile; fileRef = 211C2178259A06AA00F9CBE4 /* AandavaPrasannam.mp3 */; };
		211C217C259A06AA00F9CBE4 /* AmenAlleluyaAaseervadham.mp3 in Resources */ = {isa = PBXBuildFile; fileRef = 211C2179259A06AA00F9CBE4 /* AmenAlleluyaAaseervadham.mp3 */; };
		211C2184259A128800F9CBE4 /* MusicPlayerViewController.swift in Sources */ = {isa = PBXBuildFile; fileRef = 211C2183259A128800F9CBE4 /* MusicPlayerViewController.swift */; };
		211C2190259A561E00F9CBE4 /* TamilJesusSongs-AandavaPrasannam.mp3 in Resources */ = {isa = PBXBuildFile; fileRef = 211C2188259A561A00F9CBE4 /* TamilJesusSongs-AandavaPrasannam.mp3 */; };
		211C2191259A561E00F9CBE4 /* TamilJesusSongs-AathumamaeEn.mp3 in Resources */ = {isa = PBXBuildFile; fileRef = 211C2189259A561B00F9CBE4 /* TamilJesusSongs-AathumamaeEn.mp3 */; };
		211C2192259A561E00F9CBE4 /* TamilJesusSongs-AnandhamaeJayaJaya.mp3 in Resources */ = {isa = PBXBuildFile; fileRef = 211C218A259A561B00F9CBE4 /* TamilJesusSongs-AnandhamaeJayaJaya.mp3 */; };
		211C2193259A561E00F9CBE4 /* TamilJesusSongs-AalaiyamDevan.mp3 in Resources */ = {isa = PBXBuildFile; fileRef = 211C218B259A561B00F9CBE4 /* TamilJesusSongs-AalaiyamDevan.mp3 */; };
		211C2194259A561E00F9CBE4 /* TamilJesusSongs-AbrahamDevan.mp3 in Resources */ = {isa = PBXBuildFile; fileRef = 211C218C259A561C00F9CBE4 /* TamilJesusSongs-AbrahamDevan.mp3 */; };
		211C2195259A561E00F9CBE4 /* TamilJesusSongs-Illaram.mp3 in Resources */ = {isa = PBXBuildFile; fileRef = 211C218D259A561D00F9CBE4 /* TamilJesusSongs-Illaram.mp3 */; };
		211C2196259A561E00F9CBE4 /* TamilJesusSongs-AlelooyaGeedham.mp3 in Resources */ = {isa = PBXBuildFile; fileRef = 211C218E259A561D00F9CBE4 /* TamilJesusSongs-AlelooyaGeedham.mp3 */; };
		211C2197259A561E00F9CBE4 /* TamilJesusSongs-EnDevanae.mp3 in Resources */ = {isa = PBXBuildFile; fileRef = 211C218F259A561E00F9CBE4 /* TamilJesusSongs-EnDevanae.mp3 */; };
		21627EED2599E8D7006B391D /* AppDelegate.swift in Sources */ = {isa = PBXBuildFile; fileRef = 21627EEC2599E8D7006B391D /* AppDelegate.swift */; };
		21627EEF2599E8D7006B391D /* SceneDelegate.swift in Sources */ = {isa = PBXBuildFile; fileRef = 21627EEE2599E8D7006B391D /* SceneDelegate.swift */; };
		21627EF12599E8D7006B391D /* ViewController.swift in Sources */ = {isa = PBXBuildFile; fileRef = 21627EF02599E8D7006B391D /* ViewController.swift */; };
		21627EF42599E8D7006B391D /* Main.storyboard in Resources */ = {isa = PBXBuildFile; fileRef = 21627EF22599E8D7006B391D /* Main.storyboard */; };
		21627EF62599E8D9006B391D /* Assets.xcassets in Resources */ = {isa = PBXBuildFile; fileRef = 21627EF52599E8D9006B391D /* Assets.xcassets */; };
		21627EF92599E8D9006B391D /* LaunchScreen.storyboard in Resources */ = {isa = PBXBuildFile; fileRef = 21627EF72599E8D9006B391D /* LaunchScreen.storyboard */; };
		21627F042599E8DA006B391D /* MusicPlayerTests.swift in Sources */ = {isa = PBXBuildFile; fileRef = 21627F032599E8DA006B391D /* MusicPlayerTests.swift */; };
		21627F0F2599E8DA006B391D /* MusicPlayerUITests.swift in Sources */ = {isa = PBXBuildFile; fileRef = 21627F0E2599E8DA006B391D /* MusicPlayerUITests.swift */; };
		21627F202599F646006B391D /* Songs.swift in Sources */ = {isa = PBXBuildFile; fileRef = 21627F1F2599F646006B391D /* Songs.swift */; };
		21627F262599F705006B391D /* MusicTableViewCell.swift in Sources */ = {isa = PBXBuildFile; fileRef = 21627F242599F705006B391D /* MusicTableViewCell.swift */; };
		21627F272599F705006B391D /* MusicTableViewCell.xib in Resources */ = {isa = PBXBuildFile; fileRef = 21627F252599F705006B391D /* MusicTableViewCell.xib */; };
/* End PBXBuildFile section */

/* Begin PBXContainerItemProxy section */
		21627F002599E8DA006B391D /* PBXContainerItemProxy */ = {
			isa = PBXContainerItemProxy;
			containerPortal = 21627EE12599E8D7006B391D /* Project object */;
			proxyType = 1;
			remoteGlobalIDString = 21627EE82599E8D7006B391D;
			remoteInfo = MusicPlayer;
		};
		21627F0B2599E8DA006B391D /* PBXContainerItemProxy */ = {
			isa = PBXContainerItemProxy;
			containerPortal = 21627EE12599E8D7006B391D /* Project object */;
			proxyType = 1;
			remoteGlobalIDString = 21627EE82599E8D7006B391D;
			remoteInfo = MusicPlayer;
		};
/* End PBXContainerItemProxy section */

/* Begin PBXFileReference section */
		211C2177259A06A900F9CBE4 /* AalaiyamDevan.mp3 */ = {isa = PBXFileReference; lastKnownFileType = audio.mp3; path = AalaiyamDevan.mp3; sourceTree = "<group>"; };
		211C2178259A06AA00F9CBE4 /* AandavaPrasannam.mp3 */ = {isa = PBXFileReference; lastKnownFileType = audio.mp3; path = AandavaPrasannam.mp3; sourceTree = "<group>"; };
		211C2179259A06AA00F9CBE4 /* AmenAlleluyaAaseervadham.mp3 */ = {isa = PBXFileReference; lastKnownFileType = audio.mp3; path = AmenAlleluyaAaseervadham.mp3; sourceTree = "<group>"; };
		211C2183259A128800F9CBE4 /* MusicPlayerViewController.swift */ = {isa = PBXFileReference; lastKnownFileType = sourcecode.swift; path = MusicPlayerViewController.swift; sourceTree = "<group>"; };
		211C2188259A561A00F9CBE4 /* TamilJesusSongs-AandavaPrasannam.mp3 */ = {isa = PBXFileReference; lastKnownFileType = audio.mp3; path = "TamilJesusSongs-AandavaPrasannam.mp3"; sourceTree = "<group>"; };
		211C2189259A561B00F9CBE4 /* TamilJesusSongs-AathumamaeEn.mp3 */ = {isa = PBXFileReference; lastKnownFileType = audio.mp3; path = "TamilJesusSongs-AathumamaeEn.mp3"; sourceTree = "<group>"; };
		211C218A259A561B00F9CBE4 /* TamilJesusSongs-AnandhamaeJayaJaya.mp3 */ = {isa = PBXFileReference; lastKnownFileType = audio.mp3; path = "TamilJesusSongs-AnandhamaeJayaJaya.mp3"; sourceTree = "<group>"; };
		211C218B259A561B00F9CBE4 /* TamilJesusSongs-AalaiyamDevan.mp3 */ = {isa = PBXFileReference; lastKnownFileType = audio.mp3; path = "TamilJesusSongs-AalaiyamDevan.mp3"; sourceTree = "<group>"; };
		211C218C259A561C00F9CBE4 /* TamilJesusSongs-AbrahamDevan.mp3 */ = {isa = PBXFileReference; lastKnownFileType = audio.mp3; path = "TamilJesusSongs-AbrahamDevan.mp3"; sourceTree = "<group>"; };
		211C218D259A561D00F9CBE4 /* TamilJesusSongs-Illaram.mp3 */ = {isa = PBXFileReference; lastKnownFileType = audio.mp3; path = "TamilJesusSongs-Illaram.mp3"; sourceTree = "<group>"; };
		211C218E259A561D00F9CBE4 /* TamilJesusSongs-AlelooyaGeedham.mp3 */ = {isa = PBXFileReference; lastKnownFileType = audio.mp3; path = "TamilJesusSongs-AlelooyaGeedham.mp3"; sourceTree = "<group>"; };
		211C218F259A561E00F9CBE4 /* TamilJesusSongs-EnDevanae.mp3 */ = {isa = PBXFileReference; lastKnownFileType = audio.mp3; path = "TamilJesusSongs-EnDevanae.mp3"; sourceTree = "<group>"; };
		21627EE92599E8D7006B391D /* MusicPlayer.app */ = {isa = PBXFileReference; explicitFileType = wrapper.application; includeInIndex = 0; path = MusicPlayer.app; sourceTree = BUILT_PRODUCTS_DIR; };
		21627EEC2599E8D7006B391D /* AppDelegate.swift */ = {isa = PBXFileReference; lastKnownFileType = sourcecode.swift; path = AppDelegate.swift; sourceTree = "<group>"; };
		21627EEE2599E8D7006B391D /* SceneDelegate.swift */ = {isa = PBXFileReference; lastKnownFileType = sourcecode.swift; path = SceneDelegate.swift; sourceTree = "<group>"; };
		21627EF02599E8D7006B391D /* ViewController.swift */ = {isa = PBXFileReference; lastKnownFileType = sourcecode.swift; path = ViewController.swift; sourceTree = "<group>"; };
		21627EF32599E8D7006B391D /* Base */ = {isa = PBXFileReference; lastKnownFileType = file.storyboard; name = Base; path = Base.lproj/Main.storyboard; sourceTree = "<group>"; };
		21627EF52599E8D9006B391D /* Assets.xcassets */ = {isa = PBXFileReference; lastKnownFileType = folder.assetcatalog; path = Assets.xcassets; sourceTree = "<group>"; };
		21627EF82599E8D9006B391D /* Base */ = {isa = PBXFileReference; lastKnownFileType = file.storyboard; name = Base; path = Base.lproj/LaunchScreen.storyboard; sourceTree = "<group>"; };
		21627EFA2599E8D9006B391D /* Info.plist */ = {isa = PBXFileReference; lastKnownFileType = text.plist.xml; path = Info.plist; sourceTree = "<group>"; };
		21627EFF2599E8DA006B391D /* MusicPlayerTests.xctest */ = {isa = PBXFileReference; explicitFileType = wrapper.cfbundle; includeInIndex = 0; path = MusicPlayerTests.xctest; sourceTree = BUILT_PRODUCTS_DIR; };
		21627F032599E8DA006B391D /* MusicPlayerTests.swift */ = {isa = PBXFileReference; lastKnownFileType = sourcecode.swift; path = MusicPlayerTests.swift; sourceTree = "<group>"; };
		21627F052599E8DA006B391D /* Info.plist */ = {isa = PBXFileReference; lastKnownFileType = text.plist.xml; path = Info.plist; sourceTree = "<group>"; };
		21627F0A2599E8DA006B391D /* MusicPlayerUITests.xctest */ = {isa = PBXFileReference; explicitFileType = wrapper.cfbundle; includeInIndex = 0; path = MusicPlayerUITests.xctest; sourceTree = BUILT_PRODUCTS_DIR; };
		21627F0E2599E8DA006B391D /* MusicPlayerUITests.swift */ = {isa = PBXFileReference; lastKnownFileType = sourcecode.swift; path = MusicPlayerUITests.swift; sourceTree = "<group>"; };
		21627F102599E8DA006B391D /* Info.plist */ = {isa = PBXFileReference; lastKnownFileType = text.plist.xml; path = Info.plist; sourceTree = "<group>"; };
		21627F1F2599F646006B391D /* Songs.swift */ = {isa = PBXFileReference; lastKnownFileType = sourcecode.swift; path = Songs.swift; sourceTree = "<group>"; };
		21627F242599F705006B391D /* MusicTableViewCell.swift */ = {isa = PBXFileReference; lastKnownFileType = sourcecode.swift; path = MusicTableViewCell.swift; sourceTree = "<group>"; };
		21627F252599F705006B391D /* MusicTableViewCell.xib */ = {isa = PBXFileReference; lastKnownFileType = file.xib; path = MusicTableViewCell.xib; sourceTree = "<group>"; };
/* End PBXFileReference section */

/* Begin PBXFrameworksBuildPhase section */
		21627EE62599E8D7006B391D /* Frameworks */ = {
			isa = PBXFrameworksBuildPhase;
			buildActionMask = 2147483647;
			files = (
			);
			runOnlyForDeploymentPostprocessing = 0;
		};
		21627EFC2599E8DA006B391D /* Frameworks */ = {
			isa = PBXFrameworksBuildPhase;
			buildActionMask = 2147483647;
			files = (
			);
			runOnlyForDeploymentPostprocessing = 0;
		};
		21627F072599E8DA006B391D /* Frameworks */ = {
			isa = PBXFrameworksBuildPhase;
			buildActionMask = 2147483647;
			files = (
			);
			runOnlyForDeploymentPostprocessing = 0;
		};
/* End PBXFrameworksBuildPhase section */

/* Begin PBXGroup section */
		21627EE02599E8D7006B391D = {
			isa = PBXGroup;
			children = (
				21627EEB2599E8D7006B391D /* MusicPlayer */,
				21627F022599E8DA006B391D /* MusicPlayerTests */,
				21627F0D2599E8DA006B391D /* MusicPlayerUITests */,
				21627EEA2599E8D7006B391D /* Products */,
			);
			sourceTree = "<group>";
		};
		21627EEA2599E8D7006B391D /* Products */ = {
			isa = PBXGroup;
			children = (
				21627EE92599E8D7006B391D /* MusicPlayer.app */,
				21627EFF2599E8DA006B391D /* MusicPlayerTests.xctest */,
				21627F0A2599E8DA006B391D /* MusicPlayerUITests.xctest */,
			);
			name = Products;
			sourceTree = "<group>";
		};
		21627EEB2599E8D7006B391D /* MusicPlayer */ = {
			isa = PBXGroup;
			children = (
				211C2177259A06A900F9CBE4 /* AalaiyamDevan.mp3 */,
				211C2178259A06AA00F9CBE4 /* AandavaPrasannam.mp3 */,
				211C2179259A06AA00F9CBE4 /* AmenAlleluyaAaseervadham.mp3 */,
				211C218B259A561B00F9CBE4 /* TamilJesusSongs-AalaiyamDevan.mp3 */,
				211C2188259A561A00F9CBE4 /* TamilJesusSongs-AandavaPrasannam.mp3 */,
				211C2189259A561B00F9CBE4 /* TamilJesusSongs-AathumamaeEn.mp3 */,
				211C218C259A561C00F9CBE4 /* TamilJesusSongs-AbrahamDevan.mp3 */,
				211C218E259A561D00F9CBE4 /* TamilJesusSongs-AlelooyaGeedham.mp3 */,
				211C218A259A561B00F9CBE4 /* TamilJesusSongs-AnandhamaeJayaJaya.mp3 */,
				211C218F259A561E00F9CBE4 /* TamilJesusSongs-EnDevanae.mp3 */,
				211C218D259A561D00F9CBE4 /* TamilJesusSongs-Illaram.mp3 */,
				21627EEC2599E8D7006B391D /* AppDelegate.swift */,
				21627EEE2599E8D7006B391D /* SceneDelegate.swift */,
				21627EF02599E8D7006B391D /* ViewController.swift */,
				21627EF22599E8D7006B391D /* Main.storyboard */,
				21627EF52599E8D9006B391D /* Assets.xcassets */,
				21627EF72599E8D9006B391D /* LaunchScreen.storyboard */,
				21627EFA2599E8D9006B391D /* Info.plist */,
				21627F1F2599F646006B391D /* Songs.swift */,
				21627F242599F705006B391D /* MusicTableViewCell.swift */,
				21627F252599F705006B391D /* MusicTableViewCell.xib */,
				211C2183259A128800F9CBE4 /* MusicPlayerViewController.swift */,
			);
			path = MusicPlayer;
			sourceTree = "<group>";
		};
		21627F022599E8DA006B391D /* MusicPlayerTests */ = {
			isa = PBXGroup;
			children = (
				21627F032599E8DA006B391D /* MusicPlayerTests.swift */,
				21627F052599E8DA006B391D /* Info.plist */,
			);
			path = MusicPlayerTests;
			sourceTree = "<group>";
		};
		21627F0D2599E8DA006B391D /* MusicPlayerUITests */ = {
			isa = PBXGroup;
			children = (
				21627F0E2599E8DA006B391D /* MusicPlayerUITests.swift */,
				21627F102599E8DA006B391D /* Info.plist */,
			);
			path = MusicPlayerUITests;
			sourceTree = "<group>";
		};
/* End PBXGroup section */

/* Begin PBXNativeTarget section */
		21627EE82599E8D7006B391D /* MusicPlayer */ = {
			isa = PBXNativeTarget;
			buildConfigurationList = 21627F132599E8DA006B391D /* Build configuration list for PBXNativeTarget "MusicPlayer" */;
			buildPhases = (
				21627EE52599E8D7006B391D /* Sources */,
				21627EE62599E8D7006B391D /* Frameworks */,
				21627EE72599E8D7006B391D /* Resources */,
			);
			buildRules = (
			);
			dependencies = (
			);
			name = MusicPlayer;
			productName = MusicPlayer;
			productReference = 21627EE92599E8D7006B391D /* MusicPlayer.app */;
			productType = "com.apple.product-type.application";
		};
		21627EFE2599E8DA006B391D /* MusicPlayerTests */ = {
			isa = PBXNativeTarget;
			buildConfigurationList = 21627F162599E8DA006B391D /* Build configuration list for PBXNativeTarget "MusicPlayerTests" */;
			buildPhases = (
				21627EFB2599E8DA006B391D /* Sources */,
				21627EFC2599E8DA006B391D /* Frameworks */,
				21627EFD2599E8DA006B391D /* Resources */,
			);
			buildRules = (
			);
			dependencies = (
				21627F012599E8DA006B391D /* PBXTargetDependency */,
			);
			name = MusicPlayerTests;
			productName = MusicPlayerTests;
			productReference = 21627EFF2599E8DA006B391D /* MusicPlayerTests.xctest */;
			productType = "com.apple.product-type.bundle.unit-test";
		};
		21627F092599E8DA006B391D /* MusicPlayerUITests */ = {
			isa = PBXNativeTarget;
			buildConfigurationList = 21627F192599E8DA006B391D /* Build configuration list for PBXNativeTarget "MusicPlayerUITests" */;
			buildPhases = (
				21627F062599E8DA006B391D /* Sources */,
				21627F072599E8DA006B391D /* Frameworks */,
				21627F082599E8DA006B391D /* Resources */,
			);
			buildRules = (
			);
			dependencies = (
				21627F0C2599E8DA006B391D /* PBXTargetDependency */,
			);
			name = MusicPlayerUITests;
			productName = MusicPlayerUITests;
			productReference = 21627F0A2599E8DA006B391D /* MusicPlayerUITests.xctest */;
			productType = "com.apple.product-type.bundle.ui-testing";
		};
/* End PBXNativeTarget section */

/* Begin PBXProject section */
		21627EE12599E8D7006B391D /* Project object */ = {
			isa = PBXProject;
			attributes = {
				LastSwiftUpdateCheck = 1230;
				LastUpgradeCheck = 1230;
				TargetAttributes = {
					21627EE82599E8D7006B391D = {
						CreatedOnToolsVersion = 12.3;
					};
					21627EFE2599E8DA006B391D = {
						CreatedOnToolsVersion = 12.3;
						TestTargetID = 21627EE82599E8D7006B391D;
					};
					21627F092599E8DA006B391D = {
						CreatedOnToolsVersion = 12.3;
						TestTargetID = 21627EE82599E8D7006B391D;
					};
				};
			};
			buildConfigurationList = 21627EE42599E8D7006B391D /* Build configuration list for PBXProject "MusicPlayer" */;
			compatibilityVersion = "Xcode 9.3";
			developmentRegion = en;
			hasScannedForEncodings = 0;
			knownRegions = (
				en,
				Base,
			);
			mainGroup = 21627EE02599E8D7006B391D;
			productRefGroup = 21627EEA2599E8D7006B391D /* Products */;
			projectDirPath = "";
			projectRoot = "";
			targets = (
				21627EE82599E8D7006B391D /* MusicPlayer */,
				21627EFE2599E8DA006B391D /* MusicPlayerTests */,
				21627F092599E8DA006B391D /* MusicPlayerUITests */,
			);
		};
/* End PBXProject section */

/* Begin PBXResourcesBuildPhase section */
		21627EE72599E8D7006B391D /* Resources */ = {
			isa = PBXResourcesBuildPhase;
			buildActionMask = 2147483647;
			files = (
				211C2196259A561E00F9CBE4 /* TamilJesusSongs-AlelooyaGeedham.mp3 in Resources */,
				211C2194259A561E00F9CBE4 /* TamilJesusSongs-AbrahamDevan.mp3 in Resources */,
				211C2192259A561E00F9CBE4 /* TamilJesusSongs-AnandhamaeJayaJaya.mp3 in Resources */,
				21627EF92599E8D9006B391D /* LaunchScreen.storyboard in Resources */,
				211C2195259A561E00F9CBE4 /* TamilJesusSongs-Illaram.mp3 in Resources */,
				21627EF62599E8D9006B391D /* Assets.xcassets in Resources */,
				211C217C259A06AA00F9CBE4 /* AmenAlleluyaAaseervadham.mp3 in Resources */,
				21627EF42599E8D7006B391D /* Main.storyboard in Resources */,
				211C217A259A06AA00F9CBE4 /* AalaiyamDevan.mp3 in Resources */,
				211C2191259A561E00F9CBE4 /* TamilJesusSongs-AathumamaeEn.mp3 in Resources */,
				211C2197259A561E00F9CBE4 /* TamilJesusSongs-EnDevanae.mp3 in Resources */,
				211C217B259A06AA00F9CBE4 /* AandavaPrasannam.mp3 in Resources */,
				21627F272599F705006B391D /* MusicTableViewCell.xib in Resources */,
				211C2193259A561E00F9CBE4 /* TamilJesusSongs-AalaiyamDevan.mp3 in Resources */,
				211C2190259A561E00F9CBE4 /* TamilJesusSongs-AandavaPrasannam.mp3 in Resources */,
			);
			runOnlyForDeploymentPostprocessing = 0;
		};
		21627EFD2599E8DA006B391D /* Resources */ = {
			isa = PBXResourcesBuildPhase;
			buildActionMask = 2147483647;
			files = (
			);
			runOnlyForDeploymentPostprocessing = 0;
		};
		21627F082599E8DA006B391D /* Resources */ = {
			isa = PBXResourcesBuildPhase;
			buildActionMask = 2147483647;
			files = (
			);
			runOnlyForDeploymentPostprocessing = 0;
		};
/* End PBXResourcesBuildPhase section */

/* Begin PBXSourcesBuildPhase section */
		21627EE52599E8D7006B391D /* Sources */ = {
			isa = PBXSourcesBuildPhase;
			buildActionMask = 2147483647;
			files = (
				21627F262599F705006B391D /* MusicTableViewCell.swift in Sources */,
				211C2184259A128800F9CBE4 /* MusicPlayerViewController.swift in Sources */,
				21627F202599F646006B391D /* Songs.swift in Sources */,
				21627EF12599E8D7006B391D /* ViewController.swift in Sources */,
				21627EED2599E8D7006B391D /* AppDelegate.swift in Sources */,
				21627EEF2599E8D7006B391D /* SceneDelegate.swift in Sources */,
			);
			runOnlyForDeploymentPostprocessing = 0;
		};
		21627EFB2599E8DA006B391D /* Sources */ = {
			isa = PBXSourcesBuildPhase;
			buildActionMask = 2147483647;
			files = (
				21627F042599E8DA006B391D /* MusicPlayerTests.swift in Sources */,
			);
			runOnlyForDeploymentPostprocessing = 0;
		};
		21627F062599E8DA006B391D /* Sources */ = {
			isa = PBXSourcesBuildPhase;
			buildActionMask = 2147483647;
			files = (
				21627F0F2599E8DA006B391D /* MusicPlayerUITests.swift in Sources */,
			);
			runOnlyForDeploymentPostprocessing = 0;
		};
/* End PBXSourcesBuildPhase section */

/* Begin PBXTargetDependency section */
		21627F012599E8DA006B391D /* PBXTargetDependency */ = {
			isa = PBXTargetDependency;
			target = 21627EE82599E8D7006B391D /* MusicPlayer */;
			targetProxy = 21627F002599E8DA006B391D /* PBXContainerItemProxy */;
		};
		21627F0C2599E8DA006B391D /* PBXTargetDependency */ = {
			isa = PBXTargetDependency;
			target = 21627EE82599E8D7006B391D /* MusicPlayer */;
			targetProxy = 21627F0B2599E8DA006B391D /* PBXContainerItemProxy */;
		};
/* End PBXTargetDependency section */

/* Begin PBXVariantGroup section */
		21627EF22599E8D7006B391D /* Main.storyboard */ = {
			isa = PBXVariantGroup;
			children = (
				21627EF32599E8D7006B391D /* Base */,
			);
			name = Main.storyboard;
			sourceTree = "<group>";
		};
		21627EF72599E8D9006B391D /* LaunchScreen.storyboard */ = {
			isa = PBXVariantGroup;
			children = (
				21627EF82599E8D9006B391D /* Base */,
			);
			name = LaunchScreen.storyboard;
			sourceTree = "<group>";
		};
/* End PBXVariantGroup section */

/* Begin XCBuildConfiguration section */
		21627F112599E8DA006B391D /* Debug */ = {
			isa = XCBuildConfiguration;
			buildSettings = {
				ALWAYS_SEARCH_USER_PATHS = NO;
				CLANG_ANALYZER_NONNULL = YES;
				CLANG_ANALYZER_NUMBER_OBJECT_CONVERSION = YES_AGGRESSIVE;
				CLANG_CXX_LANGUAGE_STANDARD = "gnu++14";
				CLANG_CXX_LIBRARY = "libc++";
				CLANG_ENABLE_MODULES = YES;
				CLANG_ENABLE_OBJC_ARC = YES;
				CLANG_ENABLE_OBJC_WEAK = YES;
				CLANG_WARN_BLOCK_CAPTURE_AUTORELEASING = YES;
				CLANG_WARN_BOOL_CONVERSION = YES;
				CLANG_WARN_COMMA = YES;
				CLANG_WARN_CONSTANT_CONVERSION = YES;
				CLANG_WARN_DEPRECATED_OBJC_IMPLEMENTATIONS = YES;
				CLANG_WARN_DIRECT_OBJC_ISA_USAGE = YES_ERROR;
				CLANG_WARN_DOCUMENTATION_COMMENTS = YES;
				CLANG_WARN_EMPTY_BODY = YES;
				CLANG_WARN_ENUM_CONVERSION = YES;
				CLANG_WARN_INFINITE_RECURSION = YES;
				CLANG_WARN_INT_CONVERSION = YES;
				CLANG_WARN_NON_LITERAL_NULL_CONVERSION = YES;
				CLANG_WARN_OBJC_IMPLICIT_RETAIN_SELF = YES;
				CLANG_WARN_OBJC_LITERAL_CONVERSION = YES;
				CLANG_WARN_OBJC_ROOT_CLASS = YES_ERROR;
				CLANG_WARN_QUOTED_INCLUDE_IN_FRAMEWORK_HEADER = YES;
				CLANG_WARN_RANGE_LOOP_ANALYSIS = YES;
				CLANG_WARN_STRICT_PROTOTYPES = YES;
				CLANG_WARN_SUSPICIOUS_MOVE = YES;
				CLANG_WARN_UNGUARDED_AVAILABILITY = YES_AGGRESSIVE;
				CLANG_WARN_UNREACHABLE_CODE = YES;
				CLANG_WARN__DUPLICATE_METHOD_MATCH = YES;
				COPY_PHASE_STRIP = NO;
				DEBUG_INFORMATION_FORMAT = dwarf;
				ENABLE_STRICT_OBJC_MSGSEND = YES;
				ENABLE_TESTABILITY = YES;
				GCC_C_LANGUAGE_STANDARD = gnu11;
				GCC_DYNAMIC_NO_PIC = NO;
				GCC_NO_COMMON_BLOCKS = YES;
				GCC_OPTIMIZATION_LEVEL = 0;
				GCC_PREPROCESSOR_DEFINITIONS = (
					"DEBUG=1",
					"$(inherited)",
				);
				GCC_WARN_64_TO_32_BIT_CONVERSION = YES;
				GCC_WARN_ABOUT_RETURN_TYPE = YES_ERROR;
				GCC_WARN_UNDECLARED_SELECTOR = YES;
				GCC_WARN_UNINITIALIZED_AUTOS = YES_AGGRESSIVE;
				GCC_WARN_UNUSED_FUNCTION = YES;
				GCC_WARN_UNUSED_VARIABLE = YES;
				IPHONEOS_DEPLOYMENT_TARGET = 14.3;
				MTL_ENABLE_DEBUG_INFO = INCLUDE_SOURCE;
				MTL_FAST_MATH = YES;
				ONLY_ACTIVE_ARCH = YES;
				SDKROOT = iphoneos;
				SWIFT_ACTIVE_COMPILATION_CONDITIONS = DEBUG;
				SWIFT_OPTIMIZATION_LEVEL = "-Onone";
			};
			name = Debug;
		};
		21627F122599E8DA006B391D /* Release */ = {
			isa = XCBuildConfiguration;
			buildSettings = {
				ALWAYS_SEARCH_USER_PATHS = NO;
				CLANG_ANALYZER_NONNULL = YES;
				CLANG_ANALYZER_NUMBER_OBJECT_CONVERSION = YES_AGGRESSIVE;
				CLANG_CXX_LANGUAGE_STANDARD = "gnu++14";
				CLANG_CXX_LIBRARY = "libc++";
				CLANG_ENABLE_MODULES = YES;
				CLANG_ENABLE_OBJC_ARC = YES;
				CLANG_ENABLE_OBJC_WEAK = YES;
				CLANG_WARN_BLOCK_CAPTURE_AUTORELEASING = YES;
				CLANG_WARN_BOOL_CONVERSION = YES;
				CLANG_WARN_COMMA = YES;
				CLANG_WARN_CONSTANT_CONVERSION = YES;
				CLANG_WARN_DEPRECATED_OBJC_IMPLEMENTATIONS = YES;
				CLANG_WARN_DIRECT_OBJC_ISA_USAGE = YES_ERROR;
				CLANG_WARN_DOCUMENTATION_COMMENTS = YES;
				CLANG_WARN_EMPTY_BODY = YES;
				CLANG_WARN_ENUM_CONVERSION = YES;
				CLANG_WARN_INFINITE_RECURSION = YES;
				CLANG_WARN_INT_CONVERSION = YES;
				CLANG_WARN_NON_LITERAL_NULL_CONVERSION = YES;
				CLANG_WARN_OBJC_IMPLICIT_RETAIN_SELF = YES;
				CLANG_WARN_OBJC_LITERAL_CONVERSION = YES;
				CLANG_WARN_OBJC_ROOT_CLASS = YES_ERROR;
				CLANG_WARN_QUOTED_INCLUDE_IN_FRAMEWORK_HEADER = YES;
				CLANG_WARN_RANGE_LOOP_ANALYSIS = YES;
				CLANG_WARN_STRICT_PROTOTYPES = YES;
				CLANG_WARN_SUSPICIOUS_MOVE = YES;
				CLANG_WARN_UNGUARDED_AVAILABILITY = YES_AGGRESSIVE;
				CLANG_WARN_UNREACHABLE_CODE = YES;
				CLANG_WARN__DUPLICATE_METHOD_MATCH = YES;
				COPY_PHASE_STRIP = NO;
				DEBUG_INFORMATION_FORMAT = "dwarf-with-dsym";
				ENABLE_NS_ASSERTIONS = NO;
				ENABLE_STRICT_OBJC_MSGSEND = YES;
				GCC_C_LANGUAGE_STANDARD = gnu11;
				GCC_NO_COMMON_BLOCKS = YES;
				GCC_WARN_64_TO_32_BIT_CONVERSION = YES;
				GCC_WARN_ABOUT_RETURN_TYPE = YES_ERROR;
				GCC_WARN_UNDECLARED_SELECTOR = YES;
				GCC_WARN_UNINITIALIZED_AUTOS = YES_AGGRESSIVE;
				GCC_WARN_UNUSED_FUNCTION = YES;
				GCC_WARN_UNUSED_VARIABLE = YES;
				IPHONEOS_DEPLOYMENT_TARGET = 14.3;
				MTL_ENABLE_DEBUG_INFO = NO;
				MTL_FAST_MATH = YES;
				SDKROOT = iphoneos;
				SWIFT_COMPILATION_MODE = wholemodule;
				SWIFT_OPTIMIZATION_LEVEL = "-O";
				VALIDATE_PRODUCT = YES;
			};
			name = Release;
		};
		21627F142599E8DA006B391D /* Debug */ = {
			isa = XCBuildConfiguration;
			buildSettings = {
				ASSETCATALOG_COMPILER_APPICON_NAME = AppIcon;
				ASSETCATALOG_COMPILER_GLOBAL_ACCENT_COLOR_NAME = AccentColor;
				CODE_SIGN_STYLE = Automatic;
				DEVELOPMENT_TEAM = GL92UNQ3FG;
				INFOPLIST_FILE = MusicPlayer/Info.plist;
				LD_RUNPATH_SEARCH_PATHS = (
					"$(inherited)",
					"@executable_path/Frameworks",
				);
				PRODUCT_BUNDLE_IDENTIFIER = "JANTEL-CORP.MusicPlayer";
				PRODUCT_NAME = "$(TARGET_NAME)";
				SWIFT_VERSION = 5.0;
				TARGETED_DEVICE_FAMILY = "1,2";
			};
			name = Debug;
		};
		21627F152599E8DA006B391D /* Release */ = {
			isa = XCBuildConfiguration;
			buildSettings = {
				ASSETCATALOG_COMPILER_APPICON_NAME = AppIcon;
				ASSETCATALOG_COMPILER_GLOBAL_ACCENT_COLOR_NAME = AccentColor;
				CODE_SIGN_STYLE = Automatic;
				DEVELOPMENT_TEAM = GL92UNQ3FG;
				INFOPLIST_FILE = MusicPlayer/Info.plist;
				LD_RUNPATH_SEARCH_PATHS = (
					"$(inherited)",
					"@executable_path/Frameworks",
				);
				PRODUCT_BUNDLE_IDENTIFIER = "JANTEL-CORP.MusicPlayer";
				PRODUCT_NAME = "$(TARGET_NAME)";
				SWIFT_VERSION = 5.0;
				TARGETED_DEVICE_FAMILY = "1,2";
			};
			name = Release;
		};
		21627F172599E8DA006B391D /* Debug */ = {
			isa = XCBuildConfiguration;
			buildSettings = {
				ALWAYS_EMBED_SWIFT_STANDARD_LIBRARIES = YES;
				BUNDLE_LOADER = "$(TEST_HOST)";
				CODE_SIGN_STYLE = Automatic;
				DEVELOPMENT_TEAM = GL92UNQ3FG;
				INFOPLIST_FILE = MusicPlayerTests/Info.plist;
				IPHONEOS_DEPLOYMENT_TARGET = 14.3;
				LD_RUNPATH_SEARCH_PATHS = (
					"$(inherited)",
					"@executable_path/Frameworks",
					"@loader_path/Frameworks",
				);
				PRODUCT_BUNDLE_IDENTIFIER = "JANTEL-CORP.MusicPlayerTests";
				PRODUCT_NAME = "$(TARGET_NAME)";
				SWIFT_VERSION = 5.0;
				TARGETED_DEVICE_FAMILY = "1,2";
				TEST_HOST = "$(BUILT_PRODUCTS_DIR)/MusicPlayer.app/MusicPlayer";
			};
			name = Debug;
		};
		21627F182599E8DA006B391D /* Release */ = {
			isa = XCBuildConfiguration;
			buildSettings = {
				ALWAYS_EMBED_SWIFT_STANDARD_LIBRARIES = YES;
				BUNDLE_LOADER = "$(TEST_HOST)";
				CODE_SIGN_STYLE = Automatic;
				DEVELOPMENT_TEAM = GL92UNQ3FG;
				INFOPLIST_FILE = MusicPlayerTests/Info.plist;
				IPHONEOS_DEPLOYMENT_TARGET = 14.3;
				LD_RUNPATH_SEARCH_PATHS = (
					"$(inherited)",
					"@executable_path/Frameworks",
					"@loader_path/Frameworks",
				);
				PRODUCT_BUNDLE_IDENTIFIER = "JANTEL-CORP.MusicPlayerTests";
				PRODUCT_NAME = "$(TARGET_NAME)";
				SWIFT_VERSION = 5.0;
				TARGETED_DEVICE_FAMILY = "1,2";
				TEST_HOST = "$(BUILT_PRODUCTS_DIR)/MusicPlayer.app/MusicPlayer";
			};
			name = Release;
		};
		21627F1A2599E8DA006B391D /* Debug */ = {
			isa = XCBuildConfiguration;
			buildSettings = {
				ALWAYS_EMBED_SWIFT_STANDARD_LIBRARIES = YES;
				CODE_SIGN_STYLE = Automatic;
				DEVELOPMENT_TEAM = GL92UNQ3FG;
				INFOPLIST_FILE = MusicPlayerUITests/Info.plist;
				LD_RUNPATH_SEARCH_PATHS = (
					"$(inherited)",
					"@executable_path/Frameworks",
					"@loader_path/Frameworks",
				);
				PRODUCT_BUNDLE_IDENTIFIER = "JANTEL-CORP.MusicPlayerUITests";
				PRODUCT_NAME = "$(TARGET_NAME)";
				SWIFT_VERSION = 5.0;
				TARGETED_DEVICE_FAMILY = "1,2";
				TEST_TARGET_NAME = MusicPlayer;
			};
			name = Debug;
		};
		21627F1B2599E8DA006B391D /* Release */ = {
			isa = XCBuildConfiguration;
			buildSettings = {
				ALWAYS_EMBED_SWIFT_STANDARD_LIBRARIES = YES;
				CODE_SIGN_STYLE = Automatic;
				DEVELOPMENT_TEAM = GL92UNQ3FG;
				INFOPLIST_FILE = MusicPlayerUITests/Info.plist;
				LD_RUNPATH_SEARCH_PATHS = (
					"$(inherited)",
					"@executable_path/Frameworks",
					"@loader_path/Frameworks",
				);
				PRODUCT_BUNDLE_IDENTIFIER = "JANTEL-CORP.MusicPlayerUITests";
				PRODUCT_NAME = "$(TARGET_NAME)";
				SWIFT_VERSION = 5.0;
				TARGETED_DEVICE_FAMILY = "1,2";
				TEST_TARGET_NAME = MusicPlayer;
			};
			name = Release;
		};
/* End XCBuildConfiguration section */

/* Begin XCConfigurationList section */
		21627EE42599E8D7006B391D /* Build configuration list for PBXProject "MusicPlayer" */ = {
			isa = XCConfigurationList;
			buildConfigurations = (
				21627F112599E8DA006B391D /* Debug */,
				21627F122599E8DA006B391D /* Release */,
			);
			defaultConfigurationIsVisible = 0;
			defaultConfigurationName = Release;
		};
		21627F132599E8DA006B391D /* Build configuration list for PBXNativeTarget "MusicPlayer" */ = {
			isa = XCConfigurationList;
			buildConfigurations = (
				21627F142599E8DA006B391D /* Debug */,
				21627F152599E8DA006B391D /* Release */,
			);
			defaultConfigurationIsVisible = 0;
			defaultConfigurationName = Release;
		};
		21627F162599E8DA006B391D /* Build configuration list for PBXNativeTarget "MusicPlayerTests" */ = {
			isa = XCConfigurationList;
			buildConfigurations = (
				21627F172599E8DA006B391D /* Debug */,
				21627F182599E8DA006B391D /* Release */,
			);
			defaultConfigurationIsVisible = 0;
			defaultConfigurationName = Release;
		};
		21627F192599E8DA006B391D /* Build configuration list for PBXNativeTarget "MusicPlayerUITests" */ = {
			isa = XCConfigurationList;
			buildConfigurations = (
				21627F1A2599E8DA006B391D /* Debug */,
				21627F1B2599E8DA006B391D /* Release */,
			);
			defaultConfigurationIsVisible = 0;
			defaultConfigurationName = Release;
		};
/* End XCConfigurationList section */
	};
	rootObject = 21627EE12599E8D7006B391D /* Project object */;
}
